// !$*UTF8*$!
{
	archiveVersion = 1;
	classes = {
	};
	objectVersion = 46;
	objects = {

/* Begin PBXBuildFile section */
		8E015CB31907BCC40097B9DF /* Foundation.framework in Frameworks */ = {isa = PBXBuildFile; fileRef = 8E015CB21907BCC40097B9DF /* Foundation.framework */; };
		8E015CB51907BCC40097B9DF /* CoreGraphics.framework in Frameworks */ = {isa = PBXBuildFile; fileRef = 8E015CB41907BCC40097B9DF /* CoreGraphics.framework */; };
		8E015CB71907BCC40097B9DF /* UIKit.framework in Frameworks */ = {isa = PBXBuildFile; fileRef = 8E015CB61907BCC40097B9DF /* UIKit.framework */; };
		8E015CBD1907BCC40097B9DF /* InfoPlist.strings in Resources */ = {isa = PBXBuildFile; fileRef = 8E015CBB1907BCC40097B9DF /* InfoPlist.strings */; };
		8E015CBF1907BCC40097B9DF /* main.m in Sources */ = {isa = PBXBuildFile; fileRef = 8E015CBE1907BCC40097B9DF /* main.m */; };
		8E015CC31907BCC40097B9DF /* AppDelegate.m in Sources */ = {isa = PBXBuildFile; fileRef = 8E015CC21907BCC40097B9DF /* AppDelegate.m */; };
		8E015CC61907BCC40097B9DF /* Main.storyboard in Resources */ = {isa = PBXBuildFile; fileRef = 8E015CC41907BCC40097B9DF /* Main.storyboard */; };
		8E015CC91907BCC40097B9DF /* ViewController.m in Sources */ = {isa = PBXBuildFile; fileRef = 8E015CC81907BCC40097B9DF /* ViewController.m */; };
		8E015CCB1907BCC40097B9DF /* Images.xcassets in Resources */ = {isa = PBXBuildFile; fileRef = 8E015CCA1907BCC40097B9DF /* Images.xcassets */; };
		8E015CD21907BCC40097B9DF /* XCTest.framework in Frameworks */ = {isa = PBXBuildFile; fileRef = 8E015CD11907BCC40097B9DF /* XCTest.framework */; };
		8E015CD31907BCC40097B9DF /* Foundation.framework in Frameworks */ = {isa = PBXBuildFile; fileRef = 8E015CB21907BCC40097B9DF /* Foundation.framework */; };
		8E015CD41907BCC40097B9DF /* UIKit.framework in Frameworks */ = {isa = PBXBuildFile; fileRef = 8E015CB61907BCC40097B9DF /* UIKit.framework */; };
		8E015CDC1907BCC40097B9DF /* InfoPlist.strings in Resources */ = {isa = PBXBuildFile; fileRef = 8E015CDA1907BCC40097B9DF /* InfoPlist.strings */; };
		8E015CDE1907BCC40097B9DF /* SAImageUtilityDemoTests.m in Sources */ = {isa = PBXBuildFile; fileRef = 8E015CDD1907BCC40097B9DF /* SAImageUtilityDemoTests.m */; };
		8E015CEA1907BDDC0097B9DF /* SAImageUtility.m in Sources */ = {isa = PBXBuildFile; fileRef = 8E015CE91907BDDC0097B9DF /* SAImageUtility.m */; };
		8EA45BFB196D2EDF006A7311 /* image.jpeg in Resources */ = {isa = PBXBuildFile; fileRef = 8EA45BFA196D2EDF006A7311 /* image.jpeg */; };
/* End PBXBuildFile section */

/* Begin PBXContainerItemProxy section */
		8E015CD51907BCC40097B9DF /* PBXContainerItemProxy */ = {
			isa = PBXContainerItemProxy;
			containerPortal = 8E015CA71907BCC40097B9DF /* Project object */;
			proxyType = 1;
			remoteGlobalIDString = 8E015CAE1907BCC40097B9DF;
			remoteInfo = SAImageUtilityDemo;
		};
/* End PBXContainerItemProxy section */

/* Begin PBXFileReference section */
		8E015CAF1907BCC40097B9DF /* SAImageUtilityDemo.app */ = {isa = PBXFileReference; explicitFileType = wrapper.application; includeInIndex = 0; path = SAImageUtilityDemo.app; sourceTree = BUILT_PRODUCTS_DIR; };
		8E015CB21907BCC40097B9DF /* Foundation.framework */ = {isa = PBXFileReference; lastKnownFileType = wrapper.framework; name = Foundation.framework; path = System/Library/Frameworks/Foundation.framework; sourceTree = SDKROOT; };
		8E015CB41907BCC40097B9DF /* CoreGraphics.framework */ = {isa = PBXFileReference; lastKnownFileType = wrapper.framework; name = CoreGraphics.framework; path = System/Library/Frameworks/CoreGraphics.framework; sourceTree = SDKROOT; };
		8E015CB61907BCC40097B9DF /* UIKit.framework */ = {isa = PBXFileReference; lastKnownFileType = wrapper.framework; name = UIKit.framework; path = System/Library/Frameworks/UIKit.framework; sourceTree = SDKROOT; };
		8E015CBA1907BCC40097B9DF /* SAImageUtilityDemo-Info.plist */ = {isa = PBXFileReference; lastKnownFileType = text.plist.xml; path = "SAImageUtilityDemo-Info.plist"; sourceTree = "<group>"; };
		8E015CBC1907BCC40097B9DF /* en */ = {isa = PBXFileReference; lastKnownFileType = text.plist.strings; name = en; path = en.lproj/InfoPlist.strings; sourceTree = "<group>"; };
		8E015CBE1907BCC40097B9DF /* main.m */ = {isa = PBXFileReference; lastKnownFileType = sourcecode.c.objc; path = main.m; sourceTree = "<group>"; };
		8E015CC01907BCC40097B9DF /* SAImageUtilityDemo-Prefix.pch */ = {isa = PBXFileReference; lastKnownFileType = sourcecode.c.h; path = "SAImageUtilityDemo-Prefix.pch"; sourceTree = "<group>"; };
		8E015CC11907BCC40097B9DF /* AppDelegate.h */ = {isa = PBXFileReference; lastKnownFileType = sourcecode.c.h; path = AppDelegate.h; sourceTree = "<group>"; };
		8E015CC21907BCC40097B9DF /* AppDelegate.m */ = {isa = PBXFileReference; lastKnownFileType = sourcecode.c.objc; path = AppDelegate.m; sourceTree = "<group>"; };
		8E015CC51907BCC40097B9DF /* Base */ = {isa = PBXFileReference; lastKnownFileType = file.storyboard; name = Base; path = Base.lproj/Main.storyboard; sourceTree = "<group>"; };
		8E015CC71907BCC40097B9DF /* ViewController.h */ = {isa = PBXFileReference; lastKnownFileType = sourcecode.c.h; path = ViewController.h; sourceTree = "<group>"; };
		8E015CC81907BCC40097B9DF /* ViewController.m */ = {isa = PBXFileReference; lastKnownFileType = sourcecode.c.objc; path = ViewController.m; sourceTree = "<group>"; };
		8E015CCA1907BCC40097B9DF /* Images.xcassets */ = {isa = PBXFileReference; lastKnownFileType = folder.assetcatalog; path = Images.xcassets; sourceTree = "<group>"; };
		8E015CD01907BCC40097B9DF /* SAImageUtilityDemoTests.xctest */ = {isa = PBXFileReference; explicitFileType = wrapper.cfbundle; includeInIndex = 0; path = SAImageUtilityDemoTests.xctest; sourceTree = BUILT_PRODUCTS_DIR; };
		8E015CD11907BCC40097B9DF /* XCTest.framework */ = {isa = PBXFileReference; lastKnownFileType = wrapper.framework; name = XCTest.framework; path = Library/Frameworks/XCTest.framework; sourceTree = DEVELOPER_DIR; };
		8E015CD91907BCC40097B9DF /* SAImageUtilityDemoTests-Info.plist */ = {isa = PBXFileReference; lastKnownFileType = text.plist.xml; path = "SAImageUtilityDemoTests-Info.plist"; sourceTree = "<group>"; };
		8E015CDB1907BCC40097B9DF /* en */ = {isa = PBXFileReference; lastKnownFileType = text.plist.strings; name = en; path = en.lproj/InfoPlist.strings; sourceTree = "<group>"; };
		8E015CDD1907BCC40097B9DF /* SAImageUtilityDemoTests.m */ = {isa = PBXFileReference; lastKnownFileType = sourcecode.c.objc; path = SAImageUtilityDemoTests.m; sourceTree = "<group>"; };
		8E015CE81907BDDC0097B9DF /* SAImageUtility.h */ = {isa = PBXFileReference; fileEncoding = 4; lastKnownFileType = sourcecode.c.h; path = SAImageUtility.h; sourceTree = "<group>"; };
		8E015CE91907BDDC0097B9DF /* SAImageUtility.m */ = {isa = PBXFileReference; fileEncoding = 4; lastKnownFileType = sourcecode.c.objc; path = SAImageUtility.m; sourceTree = "<group>"; };
		8EA45BFA196D2EDF006A7311 /* image.jpeg */ = {isa = PBXFileReference; lastKnownFileType = image.jpeg; path = image.jpeg; sourceTree = "<group>"; };
/* End PBXFileReference section */

/* Begin PBXFrameworksBuildPhase section */
		8E015CAC1907BCC40097B9DF /* Frameworks */ = {
			isa = PBXFrameworksBuildPhase;
			buildActionMask = 2147483647;
			files = (
				8E015CB51907BCC40097B9DF /* CoreGraphics.framework in Frameworks */,
				8E015CB71907BCC40097B9DF /* UIKit.framework in Frameworks */,
				8E015CB31907BCC40097B9DF /* Foundation.framework in Frameworks */,
			);
			runOnlyForDeploymentPostprocessing = 0;
		};
		8E015CCD1907BCC40097B9DF /* Frameworks */ = {
			isa = PBXFrameworksBuildPhase;
			buildActionMask = 2147483647;
			files = (
				8E015CD21907BCC40097B9DF /* XCTest.framework in Frameworks */,
				8E015CD41907BCC40097B9DF /* UIKit.framework in Frameworks */,
				8E015CD31907BCC40097B9DF /* Foundation.framework in Frameworks */,
			);
			runOnlyForDeploymentPostprocessing = 0;
		};
/* End PBXFrameworksBuildPhase section */

/* Begin PBXGroup section */
		8E015CA61907BCC40097B9DF = {
			isa = PBXGroup;
			children = (
				8E015CB81907BCC40097B9DF /* SAImageUtilityDemo */,
				8E015CD71907BCC40097B9DF /* SAImageUtilityDemoTests */,
				8E015CB11907BCC40097B9DF /* Frameworks */,
				8E015CB01907BCC40097B9DF /* Products */,
			);
			sourceTree = "<group>";
		};
		8E015CB01907BCC40097B9DF /* Products */ = {
			isa = PBXGroup;
			children = (
				8E015CAF1907BCC40097B9DF /* SAImageUtilityDemo.app */,
				8E015CD01907BCC40097B9DF /* SAImageUtilityDemoTests.xctest */,
			);
			name = Products;
			sourceTree = "<group>";
		};
		8E015CB11907BCC40097B9DF /* Frameworks */ = {
			isa = PBXGroup;
			children = (
				8E015CB21907BCC40097B9DF /* Foundation.framework */,
				8E015CB41907BCC40097B9DF /* CoreGraphics.framework */,
				8E015CB61907BCC40097B9DF /* UIKit.framework */,
				8E015CD11907BCC40097B9DF /* XCTest.framework */,
			);
			name = Frameworks;
			sourceTree = "<group>";
		};
		8E015CB81907BCC40097B9DF /* SAImageUtilityDemo */ = {
			isa = PBXGroup;
			children = (
				8E015CE71907BDDC0097B9DF /* SAImageUtility */,
				8E015CC11907BCC40097B9DF /* AppDelegate.h */,
				8E015CC21907BCC40097B9DF /* AppDelegate.m */,
				8E015CC41907BCC40097B9DF /* Main.storyboard */,
				8E015CC71907BCC40097B9DF /* ViewController.h */,
				8E015CC81907BCC40097B9DF /* ViewController.m */,
				8EA45BFA196D2EDF006A7311 /* image.jpeg */,
				8E015CCA1907BCC40097B9DF /* Images.xcassets */,
				8E015CB91907BCC40097B9DF /* Supporting Files */,
			);
			path = SAImageUtilityDemo;
			sourceTree = "<group>";
		};
		8E015CB91907BCC40097B9DF /* Supporting Files */ = {
			isa = PBXGroup;
			children = (
				8E015CBA1907BCC40097B9DF /* SAImageUtilityDemo-Info.plist */,
				8E015CBB1907BCC40097B9DF /* InfoPlist.strings */,
				8E015CBE1907BCC40097B9DF /* main.m */,
				8E015CC01907BCC40097B9DF /* SAImageUtilityDemo-Prefix.pch */,
			);
			name = "Supporting Files";
			sourceTree = "<group>";
		};
		8E015CD71907BCC40097B9DF /* SAImageUtilityDemoTests */ = {
			isa = PBXGroup;
			children = (
				8E015CDD1907BCC40097B9DF /* SAImageUtilityDemoTests.m */,
				8E015CD81907BCC40097B9DF /* Supporting Files */,
			);
			path = SAImageUtilityDemoTests;
			sourceTree = "<group>";
		};
		8E015CD81907BCC40097B9DF /* Supporting Files */ = {
			isa = PBXGroup;
			children = (
				8E015CD91907BCC40097B9DF /* SAImageUtilityDemoTests-Info.plist */,
				8E015CDA1907BCC40097B9DF /* InfoPlist.strings */,
			);
			name = "Supporting Files";
			sourceTree = "<group>";
		};
		8E015CE71907BDDC0097B9DF /* SAImageUtility */ = {
			isa = PBXGroup;
			children = (
				8E015CE81907BDDC0097B9DF /* SAImageUtility.h */,
				8E015CE91907BDDC0097B9DF /* SAImageUtility.m */,
			);
			path = SAImageUtility;
			sourceTree = SOURCE_ROOT;
		};
/* End PBXGroup section */

/* Begin PBXNativeTarget section */
		8E015CAE1907BCC40097B9DF /* SAImageUtilityDemo */ = {
			isa = PBXNativeTarget;
			buildConfigurationList = 8E015CE11907BCC40097B9DF /* Build configuration list for PBXNativeTarget "SAImageUtilityDemo" */;
			buildPhases = (
				8E015CAB1907BCC40097B9DF /* Sources */,
				8E015CAC1907BCC40097B9DF /* Frameworks */,
				8E015CAD1907BCC40097B9DF /* Resources */,
			);
			buildRules = (
			);
			dependencies = (
			);
			name = SAImageUtilityDemo;
			productName = SAImageUtilityDemo;
			productReference = 8E015CAF1907BCC40097B9DF /* SAImageUtilityDemo.app */;
			productType = "com.apple.product-type.application";
		};
		8E015CCF1907BCC40097B9DF /* SAImageUtilityDemoTests */ = {
			isa = PBXNativeTarget;
			buildConfigurationList = 8E015CE41907BCC40097B9DF /* Build configuration list for PBXNativeTarget "SAImageUtilityDemoTests" */;
			buildPhases = (
				8E015CCC1907BCC40097B9DF /* Sources */,
				8E015CCD1907BCC40097B9DF /* Frameworks */,
				8E015CCE1907BCC40097B9DF /* Resources */,
			);
			buildRules = (
			);
			dependencies = (
				8E015CD61907BCC40097B9DF /* PBXTargetDependency */,
			);
			name = SAImageUtilityDemoTests;
			productName = SAImageUtilityDemoTests;
			productReference = 8E015CD01907BCC40097B9DF /* SAImageUtilityDemoTests.xctest */;
			productType = "com.apple.product-type.bundle.unit-test";
		};
/* End PBXNativeTarget section */

/* Begin PBXProject section */
		8E015CA71907BCC40097B9DF /* Project object */ = {
			isa = PBXProject;
			attributes = {
				LastUpgradeCheck = 0510;
				ORGANIZATIONNAME = StoneArk;
				TargetAttributes = {
					8E015CCF1907BCC40097B9DF = {
						TestTargetID = 8E015CAE1907BCC40097B9DF;
					};
				};
			};
			buildConfigurationList = 8E015CAA1907BCC40097B9DF /* Build configuration list for PBXProject "SAImageUtilityDemo" */;
			compatibilityVersion = "Xcode 3.2";
			developmentRegion = English;
			hasScannedForEncodings = 0;
			knownRegions = (
				en,
				Base,
			);
			mainGroup = 8E015CA61907BCC40097B9DF;
			productRefGroup = 8E015CB01907BCC40097B9DF /* Products */;
			projectDirPath = "";
			projectRoot = "";
			targets = (
				8E015CAE1907BCC40097B9DF /* SAImageUtilityDemo */,
				8E015CCF1907BCC40097B9DF /* SAImageUtilityDemoTests */,
			);
		};
/* End PBXProject section */

/* Begin PBXResourcesBuildPhase section */
		8E015CAD1907BCC40097B9DF /* Resources */ = {
			isa = PBXResourcesBuildPhase;
			buildActionMask = 2147483647;
			files = (
				8E015CCB1907BCC40097B9DF /* Images.xcassets in Resources */,
				8EA45BFB196D2EDF006A7311 /* image.jpeg in Resources */,
				8E015CBD1907BCC40097B9DF /* InfoPlist.strings in Resources */,
				8E015CC61907BCC40097B9DF /* Main.storyboard in Resources */,
			);
			runOnlyForDeploymentPostprocessing = 0;
		};
		8E015CCE1907BCC40097B9DF /* Resources */ = {
			isa = PBXResourcesBuildPhase;
			buildActionMask = 2147483647;
			files = (
				8E015CDC1907BCC40097B9DF /* InfoPlist.strings in Resources */,
			);
			runOnlyForDeploymentPostprocessing = 0;
		};
/* End PBXResourcesBuildPhase section */

/* Begin PBXSourcesBuildPhase section */
		8E015CAB1907BCC40097B9DF /* Sources */ = {
			isa = PBXSourcesBuildPhase;
			buildActionMask = 2147483647;
			files = (
				8E015CC91907BCC40097B9DF /* ViewController.m in Sources */,
				8E015CC31907BCC40097B9DF /* AppDelegate.m in Sources */,
				8E015CEA1907BDDC0097B9DF /* SAImageUtility.m in Sources */,
				8E015CBF1907BCC40097B9DF /* main.m in Sources */,
			);
			runOnlyForDeploymentPostprocessing = 0;
		};
		8E015CCC1907BCC40097B9DF /* Sources */ = {
			isa = PBXSourcesBuildPhase;
			buildActionMask = 2147483647;
			files = (
				8E015CDE1907BCC40097B9DF /* SAImageUtilityDemoTests.m in Sources */,
			);
			runOnlyForDeploymentPostprocessing = 0;
		};
/* End PBXSourcesBuildPhase section */

/* Begin PBXTargetDependency section */
		8E015CD61907BCC40097B9DF /* PBXTargetDependency */ = {
			isa = PBXTargetDependency;
			target = 8E015CAE1907BCC40097B9DF /* SAImageUtilityDemo */;
			targetProxy = 8E015CD51907BCC40097B9DF /* PBXContainerItemProxy */;
		};
/* End PBXTargetDependency section */

/* Begin PBXVariantGroup section */
		8E015CBB1907BCC40097B9DF /* InfoPlist.strings */ = {
			isa = PBXVariantGroup;
			children = (
				8E015CBC1907BCC40097B9DF /* en */,
			);
			name = InfoPlist.strings;
			sourceTree = "<group>";
		};
		8E015CC41907BCC40097B9DF /* Main.storyboard */ = {
			isa = PBXVariantGroup;
			children = (
				8E015CC51907BCC40097B9DF /* Base */,
			);
			name = Main.storyboard;
			sourceTree = "<group>";
		};
		8E015CDA1907BCC40097B9DF /* InfoPlist.strings */ = {
			isa = PBXVariantGroup;
			children = (
				8E015CDB1907BCC40097B9DF /* en */,
			);
			name = InfoPlist.strings;
			sourceTree = "<group>";
		};
/* End PBXVariantGroup section */

/* Begin XCBuildConfiguration section */
		8E015CDF1907BCC40097B9DF /* Debug */ = {
			isa = XCBuildConfiguration;
			buildSettings = {
				ALWAYS_SEARCH_USER_PATHS = NO;
				CLANG_CXX_LANGUAGE_STANDARD = "gnu++0x";
				CLANG_CXX_LIBRARY = "libc++";
				CLANG_ENABLE_MODULES = YES;
				CLANG_ENABLE_OBJC_ARC = YES;
				CLANG_WARN_BOOL_CONVERSION = YES;
				CLANG_WARN_CONSTANT_CONVERSION = YES;
				CLANG_WARN_DIRECT_OBJC_ISA_USAGE = YES_ERROR;
				CLANG_WARN_EMPTY_BODY = YES;
				CLANG_WARN_ENUM_CONVERSION = YES;
				CLANG_WARN_INT_CONVERSION = YES;
				CLANG_WARN_OBJC_ROOT_CLASS = YES_ERROR;
				CLANG_WARN__DUPLICATE_METHOD_MATCH = YES;
				"CODE_SIGN_IDENTITY[sdk=iphoneos*]" = "iPhone Developer";
				COPY_PHASE_STRIP = NO;
				GCC_C_LANGUAGE_STANDARD = gnu99;
				GCC_DYNAMIC_NO_PIC = NO;
				GCC_OPTIMIZATION_LEVEL = 0;
				GCC_PREPROCESSOR_DEFINITIONS = (
					"DEBUG=1",
					"$(inherited)",
				);
				GCC_SYMBOLS_PRIVATE_EXTERN = NO;
				GCC_WARN_64_TO_32_BIT_CONVERSION = YES;
				GCC_WARN_ABOUT_RETURN_TYPE = YES_ERROR;
				GCC_WARN_UNDECLARED_SELECTOR = YES;
				GCC_WARN_UNINITIALIZED_AUTOS = YES_AGGRESSIVE;
				GCC_WARN_UNUSED_FUNCTION = YES;
				GCC_WARN_UNUSED_VARIABLE = YES;
				IPHONEOS_DEPLOYMENT_TARGET = 7.1;
				ONLY_ACTIVE_ARCH = YES;
				SDKROOT = iphoneos;
			};
			name = Debug;
		};
		8E015CE01907BCC40097B9DF /* Release */ = {
			isa = XCBuildConfiguration;
			buildSettings = {
				ALWAYS_SEARCH_USER_PATHS = NO;
				CLANG_CXX_LANGUAGE_STANDARD = "gnu++0x";
				CLANG_CXX_LIBRARY = "libc++";
				CLANG_ENABLE_MODULES = YES;
				CLANG_ENABLE_OBJC_ARC = YES;
				CLANG_WARN_BOOL_CONVERSION = YES;
				CLANG_WARN_CONSTANT_CONVERSION = YES;
				CLANG_WARN_DIRECT_OBJC_ISA_USAGE = YES_ERROR;
				CLANG_WARN_EMPTY_BODY = YES;
				CLANG_WARN_ENUM_CONVERSION = YES;
				CLANG_WARN_INT_CONVERSION = YES;
				CLANG_WARN_OBJC_ROOT_CLASS = YES_ERROR;
				CLANG_WARN__DUPLICATE_METHOD_MATCH = YES;
				"CODE_SIGN_IDENTITY[sdk=iphoneos*]" = "iPhone Developer";
				COPY_PHASE_STRIP = YES;
				ENABLE_NS_ASSERTIONS = NO;
				GCC_C_LANGUAGE_STANDARD = gnu99;
				GCC_WARN_64_TO_32_BIT_CONVERSION = YES;
				GCC_WARN_ABOUT_RETURN_TYPE = YES_ERROR;
				GCC_WARN_UNDECLARED_SELECTOR = YES;
				GCC_WARN_UNINITIALIZED_AUTOS = YES_AGGRESSIVE;
				GCC_WARN_UNUSED_FUNCTION = YES;
				GCC_WARN_UNUSED_VARIABLE = YES;
				IPHONEOS_DEPLOYMENT_TARGET = 7.1;
				SDKROOT = iphoneos;
				VALIDATE_PRODUCT = YES;
			};
			name = Release;
		};
		8E015CE21907BCC40097B9DF /* Debug */ = {
			isa = XCBuildConfiguration;
			buildSettings = {
				ASSETCATALOG_COMPILER_APPICON_NAME = AppIcon;
				ASSETCATALOG_COMPILER_LAUNCHIMAGE_NAME = LaunchImage;
				GCC_PRECOMPILE_PREFIX_HEADER = YES;
				GCC_PREFIX_HEADER = "SAImageUtilityDemo/SAImageUtilityDemo-Prefix.pch";
				INFOPLIST_FILE = "SAImageUtilityDemo/SAImageUtilityDemo-Info.plist";
				IPHONEOS_DEPLOYMENT_TARGET = 6.0;
				PRODUCT_NAME = "$(TARGET_NAME)";
				WRAPPER_EXTENSION = app;
			};
			name = Debug;
		};
		8E015CE31907BCC40097B9DF /* Release */ = {
			isa = XCBuildConfiguration;
			buildSettings = {
				ASSETCATALOG_COMPILER_APPICON_NAME = AppIcon;
				ASSETCATALOG_COMPILER_LAUNCHIMAGE_NAME = LaunchImage;
				GCC_PRECOMPILE_PREFIX_HEADER = YES;
				GCC_PREFIX_HEADER = "SAImageUtilityDemo/SAImageUtilityDemo-Prefix.pch";
				INFOPLIST_FILE = "SAImageUtilityDemo/SAImageUtilityDemo-Info.plist";
				IPHONEOS_DEPLOYMENT_TARGET = 6.0;
				PRODUCT_NAME = "$(TARGET_NAME)";
				WRAPPER_EXTENSION = app;
			};
			name = Release;
		};
		8E015CE51907BCC40097B9DF /* Debug */ = {
			isa = XCBuildConfiguration;
			buildSettings = {
				BUNDLE_LOADER = "$(BUILT_PRODUCTS_DIR)/SAImageUtilityDemo.app/SAImageUtilityDemo";
				FRAMEWORK_SEARCH_PATHS = (
					"$(SDKROOT)/Developer/Library/Frameworks",
					"$(inherited)",
					"$(DEVELOPER_FRAMEWORKS_DIR)",
				);
				GCC_PRECOMPILE_PREFIX_HEADER = YES;
				GCC_PREFIX_HEADER = "SAImageUtilityDemo/SAImageUtilityDemo-Prefix.pch";
				GCC_PREPROCESSOR_DEFINITIONS = (
					"DEBUG=1",
					"$(inherited)",
				);
				INFOPLIST_FILE = "SAImageUtilityDemoTests/SAImageUtilityDemoTests-Info.plist";
				PRODUCT_NAME = "$(TARGET_NAME)";
				TEST_HOST = "$(BUNDLE_LOADER)";
				WRAPPER_EXTENSION = xctest;
			};
			name = Debug;
		};
		8E015CE61907BCC40097B9DF /* Release */ = {
			isa = XCBuildConfiguration;
			buildSettings = {
				BUNDLE_LOADER = "$(BUILT_PRODUCTS_DIR)/SAImageUtilityDemo.app/SAImageUtilityDemo";
				FRAMEWORK_SEARCH_PATHS = (
					"$(SDKROOT)/Developer/Library/Frameworks",
					"$(inherited)",
					"$(DEVELOPER_FRAMEWORKS_DIR)",
				);
				GCC_PRECOMPILE_PREFIX_HEADER = YES;
				GCC_PREFIX_HEADER = "SAImageUtilityDemo/SAImageUtilityDemo-Prefix.pch";
				INFOPLIST_FILE = "SAImageUtilityDemoTests/SAImageUtilityDemoTests-Info.plist";
				PRODUCT_NAME = "$(TARGET_NAME)";
				TEST_HOST = "$(BUNDLE_LOADER)";
				WRAPPER_EXTENSION = xctest;
			};
			name = Release;
		};
/* End XCBuildConfiguration section */

/* Begin XCConfigurationList section */
		8E015CAA1907BCC40097B9DF /* Build configuration list for PBXProject "SAImageUtilityDemo" */ = {
			isa = XCConfigurationList;
			buildConfigurations = (
				8E015CDF1907BCC40097B9DF /* Debug */,
				8E015CE01907BCC40097B9DF /* Release */,
			);
			defaultConfigurationIsVisible = 0;
			defaultConfigurationName = Release;
		};
		8E015CE11907BCC40097B9DF /* Build configuration list for PBXNativeTarget "SAImageUtilityDemo" */ = {
			isa = XCConfigurationList;
			buildConfigurations = (
				8E015CE21907BCC40097B9DF /* Debug */,
				8E015CE31907BCC40097B9DF /* Release */,
			);
			defaultConfigurationIsVisible = 0;
			defaultConfigurationName = Release;
		};
		8E015CE41907BCC40097B9DF /* Build configuration list for PBXNativeTarget "SAImageUtilityDemoTests" */ = {
			isa = XCConfigurationList;
			buildConfigurations = (
				8E015CE51907BCC40097B9DF /* Debug */,
				8E015CE61907BCC40097B9DF /* Release */,
			);
			defaultConfigurationIsVisible = 0;
			defaultConfigurationName = Release;
		};
/* End XCConfigurationList section */
	};
	rootObject = 8E015CA71907BCC40097B9DF /* Project object */;
}
